hash: bb69bb221f43716e887459af6c27ad3c6bce1f753e7897877ac3d9095e857220
updated: 2017-07-18T02:11:32.882224223+09:00
imports:
- name: github.com/pkg/term
  version: b1f72af2d63057363398bec5873d16a98b453312
  subpackages:
  - termios
- name: golang.org/x/sys
  version: 4cd6d1a821c7175768725b55ca82f14683a29ea4
  subpackages:
  - unix
- name: golang.org/x/tools
  version: d83db204cec938a53072124e16d79022316b3dc5
  subpackages:
  - cmd/stringer
testImports: []
